// !$*UTF8*$!
{
	archiveVersion = 1;
	classes = {
	};
	objectVersion = 56;
	objects = {

/* Begin PBXBuildFile section */
		7B72995629D259AF000B4BB0 /* AppDelegate.swift in Sources */ = {isa = PBXBuildFile; fileRef = 7B72995529D259AF000B4BB0 /* AppDelegate.swift */; };
		7B72995829D259AF000B4BB0 /* SceneDelegate.swift in Sources */ = {isa = PBXBuildFile; fileRef = 7B72995729D259AF000B4BB0 /* SceneDelegate.swift */; };
		7B72995A29D259AF000B4BB0 /* CatListViewController.swift in Sources */ = {isa = PBXBuildFile; fileRef = 7B72995929D259AF000B4BB0 /* CatListViewController.swift */; };
		7B72995D29D259AF000B4BB0 /* Main.storyboard in Resources */ = {isa = PBXBuildFile; fileRef = 7B72995B29D259AF000B4BB0 /* Main.storyboard */; };
		7B72995F29D259B0000B4BB0 /* Assets.xcassets in Resources */ = {isa = PBXBuildFile; fileRef = 7B72995E29D259B0000B4BB0 /* Assets.xcassets */; };
		7B72996229D259B0000B4BB0 /* LaunchScreen.storyboard in Resources */ = {isa = PBXBuildFile; fileRef = 7B72996029D259B0000B4BB0 /* LaunchScreen.storyboard */; };
		7BF3713829D25B5A007705A5 /* Constants.swift in Sources */ = {isa = PBXBuildFile; fileRef = 7BF3713729D25B5A007705A5 /* Constants.swift */; };
		7BF3714029D25C1D007705A5 /* CatListTableViewCell.swift in Sources */ = {isa = PBXBuildFile; fileRef = 7BF3713E29D25C1D007705A5 /* CatListTableViewCell.swift */; };
		7BF3714129D25C1D007705A5 /* CatListTableViewCell.xib in Resources */ = {isa = PBXBuildFile; fileRef = 7BF3713F29D25C1D007705A5 /* CatListTableViewCell.xib */; };
		7BF3714329D25EDA007705A5 /* APIManager.swift in Sources */ = {isa = PBXBuildFile; fileRef = 7BF3714229D25EDA007705A5 /* APIManager.swift */; };
		7BF3714529D25F51007705A5 /* BreedModel.swift in Sources */ = {isa = PBXBuildFile; fileRef = 7BF3714429D25F51007705A5 /* BreedModel.swift */; };
		7BF3714729D2615D007705A5 /* BreedsViewModel.swift in Sources */ = {isa = PBXBuildFile; fileRef = 7BF3714629D2615D007705A5 /* BreedsViewModel.swift */; };
		7BF3714A29D263F8007705A5 /* Kingfisher in Frameworks */ = {isa = PBXBuildFile; productRef = 7BF3714929D263F8007705A5 /* Kingfisher */; };
		7BF3714C29D26408007705A5 /* UIImageView+Kingfisher.swift in Sources */ = {isa = PBXBuildFile; fileRef = 7BF3714B29D26408007705A5 /* UIImageView+Kingfisher.swift */; };
/* End PBXBuildFile section */

/* Begin PBXFileReference section */
		7B72995229D259AF000B4BB0 /* CatAPI.app */ = {isa = PBXFileReference; explicitFileType = wrapper.application; includeInIndex = 0; path = CatAPI.app; sourceTree = BUILT_PRODUCTS_DIR; };
		7B72995529D259AF000B4BB0 /* AppDelegate.swift */ = {isa = PBXFileReference; lastKnownFileType = sourcecode.swift; path = AppDelegate.swift; sourceTree = "<group>"; };
		7B72995729D259AF000B4BB0 /* SceneDelegate.swift */ = {isa = PBXFileReference; lastKnownFileType = sourcecode.swift; path = SceneDelegate.swift; sourceTree = "<group>"; };
		7B72995929D259AF000B4BB0 /* CatListViewController.swift */ = {isa = PBXFileReference; lastKnownFileType = sourcecode.swift; path = CatListViewController.swift; sourceTree = "<group>"; };
		7B72995C29D259AF000B4BB0 /* Base */ = {isa = PBXFileReference; lastKnownFileType = file.storyboard; name = Base; path = Base.lproj/Main.storyboard; sourceTree = "<group>"; };
		7B72995E29D259B0000B4BB0 /* Assets.xcassets */ = {isa = PBXFileReference; lastKnownFileType = folder.assetcatalog; path = Assets.xcassets; sourceTree = "<group>"; };
		7B72996129D259B0000B4BB0 /* Base */ = {isa = PBXFileReference; lastKnownFileType = file.storyboard; name = Base; path = Base.lproj/LaunchScreen.storyboard; sourceTree = "<group>"; };
		7B72996329D259B0000B4BB0 /* Info.plist */ = {isa = PBXFileReference; lastKnownFileType = text.plist.xml; path = Info.plist; sourceTree = "<group>"; };
		7BF3713729D25B5A007705A5 /* Constants.swift */ = {isa = PBXFileReference; lastKnownFileType = sourcecode.swift; path = Constants.swift; sourceTree = "<group>"; };
		7BF3713E29D25C1D007705A5 /* CatListTableViewCell.swift */ = {isa = PBXFileReference; lastKnownFileType = sourcecode.swift; path = CatListTableViewCell.swift; sourceTree = "<group>"; };
		7BF3713F29D25C1D007705A5 /* CatListTableViewCell.xib */ = {isa = PBXFileReference; lastKnownFileType = file.xib; path = CatListTableViewCell.xib; sourceTree = "<group>"; };
		7BF3714229D25EDA007705A5 /* APIManager.swift */ = {isa = PBXFileReference; lastKnownFileType = sourcecode.swift; path = APIManager.swift; sourceTree = "<group>"; };
		7BF3714429D25F51007705A5 /* BreedModel.swift */ = {isa = PBXFileReference; lastKnownFileType = sourcecode.swift; path = BreedModel.swift; sourceTree = "<group>"; };
		7BF3714629D2615D007705A5 /* BreedsViewModel.swift */ = {isa = PBXFileReference; lastKnownFileType = sourcecode.swift; path = BreedsViewModel.swift; sourceTree = "<group>"; };
		7BF3714B29D26408007705A5 /* UIImageView+Kingfisher.swift */ = {isa = PBXFileReference; lastKnownFileType = sourcecode.swift; path = "UIImageView+Kingfisher.swift"; sourceTree = "<group>"; };
/* End PBXFileReference section */

/* Begin PBXFrameworksBuildPhase section */
		7B72994F29D259AF000B4BB0 /* Frameworks */ = {
			isa = PBXFrameworksBuildPhase;
			buildActionMask = 2147483647;
			files = (
				7BF3714A29D263F8007705A5 /* Kingfisher in Frameworks */,
			);
			runOnlyForDeploymentPostprocessing = 0;
		};
/* End PBXFrameworksBuildPhase section */

/* Begin PBXGroup section */
		7B72994929D259AF000B4BB0 = {
			isa = PBXGroup;
			children = (
				7B72995429D259AF000B4BB0 /* CatAPI */,
				7B72995329D259AF000B4BB0 /* Products */,
			);
			sourceTree = "<group>";
		};
		7B72995329D259AF000B4BB0 /* Products */ = {
			isa = PBXGroup;
			children = (
				7B72995229D259AF000B4BB0 /* CatAPI.app */,
			);
			name = Products;
			sourceTree = "<group>";
		};
		7B72995429D259AF000B4BB0 /* CatAPI */ = {
			isa = PBXGroup;
			children = (
				7BF3713629D25AEF007705A5 /* Delegate */,
				7B72996D29D259DC000B4BB0 /* Constant */,
				7B72996C29D259DA000B4BB0 /* Extension */,
				7B72996B29D259D7000B4BB0 /* Helper */,
				7B72996A29D259D4000B4BB0 /* Screen */,
				7B72996929D259D0000B4BB0 /* Storybard */,
				7B72995E29D259B0000B4BB0 /* Assets.xcassets */,
				7B72996329D259B0000B4BB0 /* Info.plist */,
			);
			path = CatAPI;
			sourceTree = "<group>";
		};
		7B72996929D259D0000B4BB0 /* Storybard */ = {
			isa = PBXGroup;
			children = (
				7B72995B29D259AF000B4BB0 /* Main.storyboard */,
				7B72996029D259B0000B4BB0 /* LaunchScreen.storyboard */,
			);
			path = Storybard;
			sourceTree = "<group>";
		};
		7B72996A29D259D4000B4BB0 /* Screen */ = {
			isa = PBXGroup;
			children = (
				7BF3713B29D25BF0007705A5 /* Model */,
				7BF3713A29D25BEF007705A5 /* View */,
				7BF3713929D25BE7007705A5 /* ViewModel */,
			);
			path = Screen;
			sourceTree = "<group>";
		};
		7B72996B29D259D7000B4BB0 /* Helper */ = {
			isa = PBXGroup;
			children = (
				7BF3714229D25EDA007705A5 /* APIManager.swift */,
			);
			path = Helper;
			sourceTree = "<group>";
		};
		7B72996C29D259DA000B4BB0 /* Extension */ = {
			isa = PBXGroup;
			children = (
				7BF3714B29D26408007705A5 /* UIImageView+Kingfisher.swift */,
			);
			path = Extension;
			sourceTree = "<group>";
		};
		7B72996D29D259DC000B4BB0 /* Constant */ = {
			isa = PBXGroup;
			children = (
				7BF3713729D25B5A007705A5 /* Constants.swift */,
			);
			path = Constant;
			sourceTree = "<group>";
		};
		7BF3713629D25AEF007705A5 /* Delegate */ = {
			isa = PBXGroup;
			children = (
				7B72995529D259AF000B4BB0 /* AppDelegate.swift */,
				7B72995729D259AF000B4BB0 /* SceneDelegate.swift */,
			);
			path = Delegate;
			sourceTree = "<group>";
		};
		7BF3713929D25BE7007705A5 /* ViewModel */ = {
			isa = PBXGroup;
			children = (
				7BF3714629D2615D007705A5 /* BreedsViewModel.swift */,
			);
			path = ViewModel;
			sourceTree = "<group>";
		};
		7BF3713A29D25BEF007705A5 /* View */ = {
			isa = PBXGroup;
			children = (
				7BF3714D29D26E8B007705A5 /* Controller */,
				7BF3713E29D25C1D007705A5 /* CatListTableViewCell.swift */,
				7BF3713F29D25C1D007705A5 /* CatListTableViewCell.xib */,
			);
			path = View;
			sourceTree = "<group>";
		};
		7BF3713B29D25BF0007705A5 /* Model */ = {
			isa = PBXGroup;
			children = (
				7BF3714429D25F51007705A5 /* BreedModel.swift */,
			);
			path = Model;
			sourceTree = "<group>";
		};
		7BF3714D29D26E8B007705A5 /* Controller */ = {
			isa = PBXGroup;
			children = (
				7B72995929D259AF000B4BB0 /* CatListViewController.swift */,
			);
			path = Controller;
			sourceTree = "<group>";
		};
/* End PBXGroup section */

/* Begin PBXNativeTarget section */
		7B72995129D259AF000B4BB0 /* CatAPI */ = {
			isa = PBXNativeTarget;
			buildConfigurationList = 7B72996629D259B0000B4BB0 /* Build configuration list for PBXNativeTarget "CatAPI" */;
			buildPhases = (
				7B72994E29D259AF000B4BB0 /* Sources */,
				7B72994F29D259AF000B4BB0 /* Frameworks */,
				7B72995029D259AF000B4BB0 /* Resources */,
			);
			buildRules = (
			);
			dependencies = (
			);
			name = CatAPI;
			packageProductDependencies = (
				7BF3714929D263F8007705A5 /* Kingfisher */,
			);
			productName = CatAPI;
			productReference = 7B72995229D259AF000B4BB0 /* CatAPI.app */;
			productType = "com.apple.product-type.application";
		};
/* End PBXNativeTarget section */

/* Begin PBXProject section */
		7B72994A29D259AF000B4BB0 /* Project object */ = {
			isa = PBXProject;
			attributes = {
				BuildIndependentTargetsInParallel = 1;
				LastSwiftUpdateCheck = 1400;
				LastUpgradeCheck = 1400;
				TargetAttributes = {
					7B72995129D259AF000B4BB0 = {
						CreatedOnToolsVersion = 14.0;
					};
				};
			};
			buildConfigurationList = 7B72994D29D259AF000B4BB0 /* Build configuration list for PBXProject "CatAPI" */;
			compatibilityVersion = "Xcode 14.0";
			developmentRegion = en;
			hasScannedForEncodings = 0;
			knownRegions = (
				en,
				Base,
			);
			mainGroup = 7B72994929D259AF000B4BB0;
			packageReferences = (
				7BF3714829D263F8007705A5 /* XCRemoteSwiftPackageReference "Kingfisher" */,
			);
			productRefGroup = 7B72995329D259AF000B4BB0 /* Products */;
			projectDirPath = "";
			projectRoot = "";
			targets = (
				7B72995129D259AF000B4BB0 /* CatAPI */,
			);
		};
/* End PBXProject section */

/* Begin PBXResourcesBuildPhase section */
		7B72995029D259AF000B4BB0 /* Resources */ = {
			isa = PBXResourcesBuildPhase;
			buildActionMask = 2147483647;
			files = (
				7BF3714129D25C1D007705A5 /* CatListTableViewCell.xib in Resources */,
				7B72996229D259B0000B4BB0 /* LaunchScreen.storyboard in Resources */,
				7B72995F29D259B0000B4BB0 /* Assets.xcassets in Resources */,
				7B72995D29D259AF000B4BB0 /* Main.storyboard in Resources */,
			);
			runOnlyForDeploymentPostprocessing = 0;
		};
/* End PBXResourcesBuildPhase section */

/* Begin PBXSourcesBuildPhase section */
		7B72994E29D259AF000B4BB0 /* Sources */ = {
			isa = PBXSourcesBuildPhase;
			buildActionMask = 2147483647;
			files = (
				7BF3714329D25EDA007705A5 /* APIManager.swift in Sources */,
				7BF3714729D2615D007705A5 /* BreedsViewModel.swift in Sources */,
				7B72995A29D259AF000B4BB0 /* CatListViewController.swift in Sources */,
				7BF3714C29D26408007705A5 /* UIImageView+Kingfisher.swift in Sources */,
				7B72995629D259AF000B4BB0 /* AppDelegate.swift in Sources */,
				7BF3714029D25C1D007705A5 /* CatListTableViewCell.swift in Sources */,
				7BF3714529D25F51007705A5 /* BreedModel.swift in Sources */,
				7B72995829D259AF000B4BB0 /* SceneDelegate.swift in Sources */,
				7BF3713829D25B5A007705A5 /* Constants.swift in Sources */,
			);
			runOnlyForDeploymentPostprocessing = 0;
		};
/* End PBXSourcesBuildPhase section */

/* Begin PBXVariantGroup section */
		7B72995B29D259AF000B4BB0 /* Main.storyboard */ = {
			isa = PBXVariantGroup;
			children = (
				7B72995C29D259AF000B4BB0 /* Base */,
			);
			name = Main.storyboard;
			sourceTree = "<group>";
		};
		7B72996029D259B0000B4BB0 /* LaunchScreen.storyboard */ = {
			isa = PBXVariantGroup;
			children = (
				7B72996129D259B0000B4BB0 /* Base */,
			);
			name = LaunchScreen.storyboard;
			sourceTree = "<group>";
		};
/* End PBXVariantGroup section */

/* Begin XCBuildConfiguration section */
		7B72996429D259B0000B4BB0 /* Debug */ = {
			isa = XCBuildConfiguration;
			buildSettings = {
				ALWAYS_SEARCH_USER_PATHS = NO;
				CLANG_ANALYZER_NONNULL = YES;
				CLANG_ANALYZER_NUMBER_OBJECT_CONVERSION = YES_AGGRESSIVE;
				CLANG_CXX_LANGUAGE_STANDARD = "gnu++20";
				CLANG_ENABLE_MODULES = YES;
				CLANG_ENABLE_OBJC_ARC = YES;
				CLANG_ENABLE_OBJC_WEAK = YES;
				CLANG_WARN_BLOCK_CAPTURE_AUTORELEASING = YES;
				CLANG_WARN_BOOL_CONVERSION = YES;
				CLANG_WARN_COMMA = YES;
				CLANG_WARN_CONSTANT_CONVERSION = YES;
				CLANG_WARN_DEPRECATED_OBJC_IMPLEMENTATIONS = YES;
				CLANG_WARN_DIRECT_OBJC_ISA_USAGE = YES_ERROR;
				CLANG_WARN_DOCUMENTATION_COMMENTS = YES;
				CLANG_WARN_EMPTY_BODY = YES;
				CLANG_WARN_ENUM_CONVERSION = YES;
				CLANG_WARN_INFINITE_RECURSION = YES;
				CLANG_WARN_INT_CONVERSION = YES;
				CLANG_WARN_NON_LITERAL_NULL_CONVERSION = YES;
				CLANG_WARN_OBJC_IMPLICIT_RETAIN_SELF = YES;
				CLANG_WARN_OBJC_LITERAL_CONVERSION = YES;
				CLANG_WARN_OBJC_ROOT_CLASS = YES_ERROR;
				CLANG_WARN_QUOTED_INCLUDE_IN_FRAMEWORK_HEADER = YES;
				CLANG_WARN_RANGE_LOOP_ANALYSIS = YES;
				CLANG_WARN_STRICT_PROTOTYPES = YES;
				CLANG_WARN_SUSPICIOUS_MOVE = YES;
				CLANG_WARN_UNGUARDED_AVAILABILITY = YES_AGGRESSIVE;
				CLANG_WARN_UNREACHABLE_CODE = YES;
				CLANG_WARN__DUPLICATE_METHOD_MATCH = YES;
				COPY_PHASE_STRIP = NO;
				DEBUG_INFORMATION_FORMAT = dwarf;
				ENABLE_STRICT_OBJC_MSGSEND = YES;
				ENABLE_TESTABILITY = YES;
				GCC_C_LANGUAGE_STANDARD = gnu11;
				GCC_DYNAMIC_NO_PIC = NO;
				GCC_NO_COMMON_BLOCKS = YES;
				GCC_OPTIMIZATION_LEVEL = 0;
				GCC_PREPROCESSOR_DEFINITIONS = (
					"DEBUG=1",
					"$(inherited)",
				);
				GCC_WARN_64_TO_32_BIT_CONVERSION = YES;
				GCC_WARN_ABOUT_RETURN_TYPE = YES_ERROR;
				GCC_WARN_UNDECLARED_SELECTOR = YES;
				GCC_WARN_UNINITIALIZED_AUTOS = YES_AGGRESSIVE;
				GCC_WARN_UNUSED_FUNCTION = YES;
				GCC_WARN_UNUSED_VARIABLE = YES;
				IPHONEOS_DEPLOYMENT_TARGET = 16.0;
				MTL_ENABLE_DEBUG_INFO = INCLUDE_SOURCE;
				MTL_FAST_MATH = YES;
				ONLY_ACTIVE_ARCH = YES;
				SDKROOT = iphoneos;
				SWIFT_ACTIVE_COMPILATION_CONDITIONS = DEBUG;
				SWIFT_OPTIMIZATION_LEVEL = "-Onone";
			};
			name = Debug;
		};
		7B72996529D259B0000B4BB0 /* Release */ = {
			isa = XCBuildConfiguration;
			buildSettings = {
				ALWAYS_SEARCH_USER_PATHS = NO;
				CLANG_ANALYZER_NONNULL = YES;
				CLANG_ANALYZER_NUMBER_OBJECT_CONVERSION = YES_AGGRESSIVE;
				CLANG_CXX_LANGUAGE_STANDARD = "gnu++20";
				CLANG_ENABLE_MODULES = YES;
				CLANG_ENABLE_OBJC_ARC = YES;
				CLANG_ENABLE_OBJC_WEAK = YES;
				CLANG_WARN_BLOCK_CAPTURE_AUTORELEASING = YES;
				CLANG_WARN_BOOL_CONVERSION = YES;
				CLANG_WARN_COMMA = YES;
				CLANG_WARN_CONSTANT_CONVERSION = YES;
				CLANG_WARN_DEPRECATED_OBJC_IMPLEMENTATIONS = YES;
				CLANG_WARN_DIRECT_OBJC_ISA_USAGE = YES_ERROR;
				CLANG_WARN_DOCUMENTATION_COMMENTS = YES;
				CLANG_WARN_EMPTY_BODY = YES;
				CLANG_WARN_ENUM_CONVERSION = YES;
				CLANG_WARN_INFINITE_RECURSION = YES;
				CLANG_WARN_INT_CONVERSION = YES;
				CLANG_WARN_NON_LITERAL_NULL_CONVERSION = YES;
				CLANG_WARN_OBJC_IMPLICIT_RETAIN_SELF = YES;
				CLANG_WARN_OBJC_LITERAL_CONVERSION = YES;
				CLANG_WARN_OBJC_ROOT_CLASS = YES_ERROR;
				CLANG_WARN_QUOTED_INCLUDE_IN_FRAMEWORK_HEADER = YES;
				CLANG_WARN_RANGE_LOOP_ANALYSIS = YES;
				CLANG_WARN_STRICT_PROTOTYPES = YES;
				CLANG_WARN_SUSPICIOUS_MOVE = YES;
				CLANG_WARN_UNGUARDED_AVAILABILITY = YES_AGGRESSIVE;
				CLANG_WARN_UNREACHABLE_CODE = YES;
				CLANG_WARN__DUPLICATE_METHOD_MATCH = YES;
				COPY_PHASE_STRIP = NO;
				DEBUG_INFORMATION_FORMAT = "dwarf-with-dsym";
				ENABLE_NS_ASSERTIONS = NO;
				ENABLE_STRICT_OBJC_MSGSEND = YES;
				GCC_C_LANGUAGE_STANDARD = gnu11;
				GCC_NO_COMMON_BLOCKS = YES;
				GCC_WARN_64_TO_32_BIT_CONVERSION = YES;
				GCC_WARN_ABOUT_RETURN_TYPE = YES_ERROR;
				GCC_WARN_UNDECLARED_SELECTOR = YES;
				GCC_WARN_UNINITIALIZED_AUTOS = YES_AGGRESSIVE;
				GCC_WARN_UNUSED_FUNCTION = YES;
				GCC_WARN_UNUSED_VARIABLE = YES;
				IPHONEOS_DEPLOYMENT_TARGET = 16.0;
				MTL_ENABLE_DEBUG_INFO = NO;
				MTL_FAST_MATH = YES;
				SDKROOT = iphoneos;
				SWIFT_COMPILATION_MODE = wholemodule;
				SWIFT_OPTIMIZATION_LEVEL = "-O";
				VALIDATE_PRODUCT = YES;
			};
			name = Release;
		};
		7B72996729D259B0000B4BB0 /* Debug */ = {
			isa = XCBuildConfiguration;
			buildSettings = {
				ASSETCATALOG_COMPILER_APPICON_NAME = AppIcon;
				ASSETCATALOG_COMPILER_GLOBAL_ACCENT_COLOR_NAME = AccentColor;
				CODE_SIGN_STYLE = Automatic;
				CURRENT_PROJECT_VERSION = 1;
				DEVELOPMENT_TEAM = KTK732WRHB;
				GENERATE_INFOPLIST_FILE = YES;
				INFOPLIST_FILE = CatAPI/Info.plist;
				INFOPLIST_KEY_UIApplicationSupportsIndirectInputEvents = YES;
				INFOPLIST_KEY_UILaunchStoryboardName = LaunchScreen;
				INFOPLIST_KEY_UIMainStoryboardFile = Main;
				INFOPLIST_KEY_UISupportedInterfaceOrientations_iPad = "UIInterfaceOrientationPortrait UIInterfaceOrientationPortraitUpsideDown UIInterfaceOrientationLandscapeLeft UIInterfaceOrientationLandscapeRight";
				INFOPLIST_KEY_UISupportedInterfaceOrientations_iPhone = "UIInterfaceOrientationPortrait UIInterfaceOrientationLandscapeLeft UIInterfaceOrientationLandscapeRight";
				LD_RUNPATH_SEARCH_PATHS = (
					"$(inherited)",
					"@executable_path/Frameworks",
				);
				MARKETING_VERSION = 1.0;
				PRODUCT_BUNDLE_IDENTIFIER = com.allymationes.CatAPI;
				PRODUCT_NAME = "$(TARGET_NAME)";
				SWIFT_EMIT_LOC_STRINGS = YES;
				SWIFT_VERSION = 5.0;
				TARGETED_DEVICE_FAMILY = "1,2";
			};
			name = Debug;
		};
		7B72996829D259B0000B4BB0 /* Release */ = {
			isa = XCBuildConfiguration;
			buildSettings = {
				ASSETCATALOG_COMPILER_APPICON_NAME = AppIcon;
				ASSETCATALOG_COMPILER_GLOBAL_ACCENT_COLOR_NAME = AccentColor;
				CODE_SIGN_STYLE = Automatic;
				CURRENT_PROJECT_VERSION = 1;
				DEVELOPMENT_TEAM = KTK732WRHB;
				GENERATE_INFOPLIST_FILE = YES;
				INFOPLIST_FILE = CatAPI/Info.plist;
				INFOPLIST_KEY_UIApplicationSupportsIndirectInputEvents = YES;
				INFOPLIST_KEY_UILaunchStoryboardName = LaunchScreen;
				INFOPLIST_KEY_UIMainStoryboardFile = Main;
				INFOPLIST_KEY_UISupportedInterfaceOrientations_iPad = "UIInterfaceOrientationPortrait UIInterfaceOrientationPortraitUpsideDown UIInterfaceOrientationLandscapeLeft UIInterfaceOrientationLandscapeRight";
				INFOPLIST_KEY_UISupportedInterfaceOrientations_iPhone = "UIInterfaceOrientationPortrait UIInterfaceOrientationLandscapeLeft UIInterfaceOrientationLandscapeRight";
				LD_RUNPATH_SEARCH_PATHS = (
					"$(inherited)",
					"@executable_path/Frameworks",
				);
				MARKETING_VERSION = 1.0;
				PRODUCT_BUNDLE_IDENTIFIER = com.allymationes.CatAPI;
				PRODUCT_NAME = "$(TARGET_NAME)";
				SWIFT_EMIT_LOC_STRINGS = YES;
				SWIFT_VERSION = 5.0;
				TARGETED_DEVICE_FAMILY = "1,2";
			};
			name = Release;
		};
/* End XCBuildConfiguration section */

/* Begin XCConfigurationList section */
		7B72994D29D259AF000B4BB0 /* Build configuration list for PBXProject "CatAPI" */ = {
			isa = XCConfigurationList;
			buildConfigurations = (
				7B72996429D259B0000B4BB0 /* Debug */,
				7B72996529D259B0000B4BB0 /* Release */,
			);
			defaultConfigurationIsVisible = 0;
			defaultConfigurationName = Release;
		};
		7B72996629D259B0000B4BB0 /* Build configuration list for PBXNativeTarget "CatAPI" */ = {
			isa = XCConfigurationList;
			buildConfigurations = (
				7B72996729D259B0000B4BB0 /* Debug */,
				7B72996829D259B0000B4BB0 /* Release */,
			);
			defaultConfigurationIsVisible = 0;
			defaultConfigurationName = Release;
		};
/* End XCConfigurationList section */

/* Begin XCRemoteSwiftPackageReference section */
		7BF3714829D263F8007705A5 /* XCRemoteSwiftPackageReference "Kingfisher" */ = {
			isa = XCRemoteSwiftPackageReference;
			repositoryURL = "https://github.com/onevcat/Kingfisher.git";
			requirement = {
				kind = upToNextMajorVersion;
				minimumVersion = 7.0.0;
			};
		};
/* End XCRemoteSwiftPackageReference section */

/* Begin XCSwiftPackageProductDependency section */
		7BF3714929D263F8007705A5 /* Kingfisher */ = {
			isa = XCSwiftPackageProductDependency;
			package = 7BF3714829D263F8007705A5 /* XCRemoteSwiftPackageReference "Kingfisher" */;
			productName = Kingfisher;
		};
/* End XCSwiftPackageProductDependency section */
	};
	rootObject = 7B72994A29D259AF000B4BB0 /* Project object */;
}
